
Microsoft Visual Studio Solution File, Format Version 12.00
# Visual Studio Version 16
VisualStudioVersion = 16.0.30114.105
MinimumVisualStudioVersion = 10.0.40219.1
Project("{FAE04EC0-301F-11D3-BF4B-00C04F79EFBC}") = "BlazorLinkedValidations", "BlazorLinkedValidations\BlazorLinkedValidations.csproj", "{04B77A30-1A20-478B-B04C-279D56FC7FA1}"
EndProject
Project("{FAE04EC0-301F-11D3-BF4B-00C04F79EFBC}") = "BlazorLinkedValidations.Tests", "BlazorLinkedValidations.Tests\BlazorLinkedValidations.Tests.csproj", "{EDA4BBD0-9E65-4DC3-B4ED-1B7EFFE40475}"
EndProject
Project("{FAE04EC0-301F-11D3-BF4B-00C04F79EFBC}") = "BlazorLinkedValidations.Samples", "BlazorLinkedValidations.Samples\BlazorLinkedValidations.Samples.csproj", "{B826BB2F-3330-4DF5-B891-E032BEF458A9}"
EndProject
Global
	GlobalSection(SolutionConfigurationPlatforms) = preSolution
		Debug|Any CPU = Debug|Any CPU
		Release|Any CPU = Release|Any CPU
	EndGlobalSection
	GlobalSection(ProjectConfigurationPlatforms) = postSolution
		{04B77A30-1A20-478B-B04C-279D56FC7FA1}.Debug|Any CPU.ActiveCfg = Debug|Any CPU
		{04B77A30-1A20-478B-B04C-279D56FC7FA1}.Debug|Any CPU.Build.0 = Debug|Any CPU
		{04B77A30-1A20-478B-B04C-279D56FC7FA1}.Release|Any CPU.ActiveCfg = Release|Any CPU
		{04B77A30-1A20-478B-B04C-279D56FC7FA1}.Release|Any CPU.Build.0 = Release|Any CPU
		{EDA4BBD0-9E65-4DC3-B4ED-1B7EFFE40475}.Debug|Any CPU.ActiveCfg = Debug|Any CPU
		{EDA4BBD0-9E65-4DC3-B4ED-1B7EFFE40475}.Debug|Any CPU.Build.0 = Debug|Any CPU
		{EDA4BBD0-9E65-4DC3-B4ED-1B7EFFE40475}.Release|Any CPU.ActiveCfg = Release|Any CPU
		{EDA4BBD0-9E65-4DC3-B4ED-1B7EFFE40475}.Release|Any CPU.Build.0 = Release|Any CPU
		{B826BB2F-3330-4DF5-B891-E032BEF458A9}.Debug|Any CPU.ActiveCfg = Debug|Any CPU
		{B826BB2F-3330-4DF5-B891-E032BEF458A9}.Debug|Any CPU.Build.0 = Debug|Any CPU
		{B826BB2F-3330-4DF5-B891-E032BEF458A9}.Release|Any CPU.ActiveCfg = Release|Any CPU
		{B826BB2F-3330-4DF5-B891-E032BEF458A9}.Release|Any CPU.Build.0 = Release|Any CPU
	EndGlobalSection
	GlobalSection(SolutionProperties) = preSolution
		HideSolutionNode = FALSE
	EndGlobalSection
	GlobalSection(ExtensibilityGlobals) = postSolution
		SolutionGuid = {2F3CA29E-D8EB-4C31-9D96-13C422FF3CC8}
	EndGlobalSection
EndGlobal
